{
  "requires": true,
  "lockfileVersion": 1,
  "dependencies": {
    "@tarekraafat/autocomplete.js": {
      "version": "7.2.0",
      "resolved": "https://registry.npmjs.org/@tarekraafat/autocomplete.js/-/autocomplete.js-7.2.0.tgz",
      "integrity": "sha512-p1aEcKC/WHpVBuFyRhXq/ie+mgO4QqCNEsdVIPUBgmNqmxV4dVfqYEpk///9vvKyranUUvrlVu4e2tdzAaXKIg=="
    }
  }
}
